{
  "name": "cosyte-example-hl7-mllp-listener",
  "version": "0.0.0",
  "lockfileVersion": 3,
  "requires": true,
  "packages": {
    "": {
      "name": "cosyte-example-hl7-mllp-listener",
      "version": "0.0.0",
      "license": "MIT",
      "dependencies": {
        "@cosyte/hl7": "^0.1.0",
        "@cosyte/mllp": "^0.1.0",
        "@cosyte/synth": "^0.1.0"
      },
      "engines": {
        "node": ">=22"
      }
    },
    "node_modules/@cosyte/hl7": {
      "version": "0.1.0",
      "resolved": "https://registry.npmjs.org/@cosyte/hl7/-/hl7-0.1.0.tgz",
      "integrity": "sha512-vscdMcPWyB+VsXzmRzzFNsYWtiNotl5wm+kO2OTvGFw2T94BmHPXfFpswSbyiqBH4DlKBIrgi4PJIzOU78v6pw==",
      "license": "MIT",
      "engines": {
        "node": ">=22.0.0"
      }
    },
    "node_modules/@cosyte/mllp": {
      "version": "0.1.0",
      "resolved": "https://registry.npmjs.org/@cosyte/mllp/-/mllp-0.1.0.tgz",
      "integrity": "sha512-z6R33Rht2i2HClwTlii980VS31aRFEbM0lJ+zT5zS8oM1Pb6GAS1Vqtc2fHmf7f15BUr8keqY1aqJnpcnHXvyQ==",
      "license": "MIT",
      "engines": {
        "node": ">=22.0.0"
      },
      "peerDependencies": {
        "@cosyte/hl7": ">=0.0.0"
      },
      "peerDependenciesMeta": {
        "@cosyte/hl7": {
          "optional": true
        }
      }
    },
    "node_modules/@cosyte/synth": {
      "version": "0.1.0",
      "resolved": "https://registry.npmjs.org/@cosyte/synth/-/synth-0.1.0.tgz",
      "integrity": "sha512-X+0L9E77w+6naEWDNFPBemmLpANyf/S9UxH6kEqTEsva73NQq0llZBrpcF0TPbSk35FjvmutaqUoAOx6mor/Iw==",
      "license": "MIT",
      "engines": {
        "node": ">=22.0.0"
      },
      "peerDependencies": {
        "@cosyte/astm": ">=0.0.0",
        "@cosyte/ccda": ">=0.0.0",
        "@cosyte/deid": ">=0.0.0",
        "@cosyte/fhir": ">=0.0.0",
        "@cosyte/hl7": ">=0.0.0",
        "@cosyte/ncpdp": ">=0.0.1",
        "@cosyte/x12": ">=0.0.1"
      },
      "peerDependenciesMeta": {
        "@cosyte/astm": {
          "optional": true
        },
        "@cosyte/ccda": {
          "optional": true
        },
        "@cosyte/deid": {
          "optional": true
        },
        "@cosyte/fhir": {
          "optional": true
        },
        "@cosyte/hl7": {
          "optional": true
        },
        "@cosyte/ncpdp": {
          "optional": true
        },
        "@cosyte/x12": {
          "optional": true
        }
      }
    }
  }
}
