{
  "name": "cosyte-example-dicom-metadata",
  "version": "0.0.0",
  "lockfileVersion": 3,
  "requires": true,
  "packages": {
    "": {
      "name": "cosyte-example-dicom-metadata",
      "version": "0.0.0",
      "license": "MIT",
      "dependencies": {
        "@cosyte/deid": "^0.0.9",
        "@cosyte/dicom": "^0.0.19"
      },
      "engines": {
        "node": ">=22"
      }
    },
    "node_modules/@cosyte/deid": {
      "version": "0.0.9",
      "resolved": "https://registry.npmjs.org/@cosyte/deid/-/deid-0.0.9.tgz",
      "integrity": "sha512-8JZa3DDKbHdXdEcMwRWZhrUzYoxXmeCobII9lJPUa93Uf8hGz0Yt9kq1wAzgk0Re8qRk64M4sxQP4MLsNUsi0A==",
      "license": "MIT",
      "engines": {
        "node": ">=22.0.0"
      },
      "peerDependencies": {
        "@cosyte/ccda": ">=0.0.0",
        "@cosyte/dicom": ">=0.0.0",
        "@cosyte/fhir": ">=0.0.0",
        "@cosyte/hl7": ">=0.0.0",
        "@cosyte/ncpdp": ">=0.0.0",
        "@cosyte/x12": ">=0.0.0"
      },
      "peerDependenciesMeta": {
        "@cosyte/ccda": {
          "optional": true
        },
        "@cosyte/dicom": {
          "optional": true
        },
        "@cosyte/fhir": {
          "optional": true
        },
        "@cosyte/hl7": {
          "optional": true
        },
        "@cosyte/ncpdp": {
          "optional": true
        },
        "@cosyte/x12": {
          "optional": true
        }
      }
    },
    "node_modules/@cosyte/dicom": {
      "version": "0.0.19",
      "resolved": "https://registry.npmjs.org/@cosyte/dicom/-/dicom-0.0.19.tgz",
      "integrity": "sha512-xLWHxoLoGm/PGrHTwNHO1RaK1H3FEDtBnsvQlFBrjBTHa4463NGdWvYWCWQTc295uDy80AGIihqvFMR0Rg+HaA==",
      "license": "MIT",
      "engines": {
        "node": ">=22.0.0"
      }
    }
  }
}
