{
  "name": "cosyte-example-x12-eligibility",
  "version": "0.0.0",
  "lockfileVersion": 3,
  "requires": true,
  "packages": {
    "": {
      "name": "cosyte-example-x12-eligibility",
      "version": "0.0.0",
      "license": "MIT",
      "dependencies": {
        "@cosyte/synth": "^0.0.9",
        "@cosyte/x12": "^0.0.18"
      },
      "engines": {
        "node": ">=22"
      }
    },
    "node_modules/@cosyte/synth": {
      "version": "0.0.9",
      "resolved": "https://registry.npmjs.org/@cosyte/synth/-/synth-0.0.9.tgz",
      "integrity": "sha512-/+0qbPvItmFMHynGGrHoHvoH10rlHAUz/5xUXrdnJnh7lLnjVtcxLPgw2+CssWLyp55mPF1yobQoJh+4yB3yRw==",
      "license": "MIT",
      "engines": {
        "node": ">=22.0.0"
      },
      "peerDependencies": {
        "@cosyte/astm": ">=0.0.0",
        "@cosyte/ccda": ">=0.0.0",
        "@cosyte/deid": ">=0.0.0",
        "@cosyte/fhir": ">=0.0.0",
        "@cosyte/hl7": ">=0.0.0",
        "@cosyte/ncpdp": ">=0.0.1",
        "@cosyte/x12": ">=0.0.1"
      },
      "peerDependenciesMeta": {
        "@cosyte/astm": {
          "optional": true
        },
        "@cosyte/ccda": {
          "optional": true
        },
        "@cosyte/deid": {
          "optional": true
        },
        "@cosyte/fhir": {
          "optional": true
        },
        "@cosyte/hl7": {
          "optional": true
        },
        "@cosyte/ncpdp": {
          "optional": true
        },
        "@cosyte/x12": {
          "optional": true
        }
      }
    },
    "node_modules/@cosyte/x12": {
      "version": "0.0.18",
      "resolved": "https://registry.npmjs.org/@cosyte/x12/-/x12-0.0.18.tgz",
      "integrity": "sha512-EJEDadrjaCuLGu2/i305eGd8bi4WMUFm3470UpRCdu+/KoCHdwDHdLvp7yKH2A4yDA4peuyV2+Iza79ROgjewg==",
      "license": "MIT",
      "engines": {
        "node": ">=22.0.0"
      }
    }
  }
}
