{
  "name": "cosyte-example-hl7-to-fhir",
  "version": "0.0.0",
  "lockfileVersion": 3,
  "requires": true,
  "packages": {
    "": {
      "name": "cosyte-example-hl7-to-fhir",
      "version": "0.0.0",
      "license": "MIT",
      "dependencies": {
        "@cosyte/fhir": "^0.0.10",
        "@cosyte/hl7": "^0.0.10",
        "@cosyte/synth": "^0.0.9",
        "@cosyte/transform": "^0.0.9"
      },
      "engines": {
        "node": ">=22"
      }
    },
    "node_modules/@cosyte/fhir": {
      "version": "0.0.10",
      "resolved": "https://registry.npmjs.org/@cosyte/fhir/-/fhir-0.0.10.tgz",
      "integrity": "sha512-YvmYMoaKLAlwZWNOKx06Kh/DJ/vJ6nJguIVFczlkFSNNHEbRLAiuxvkUd59qyXIOBRUZJuFSGSj+Iio8LWipUg==",
      "license": "MIT",
      "engines": {
        "node": ">=22.0.0"
      }
    },
    "node_modules/@cosyte/hl7": {
      "version": "0.0.10",
      "resolved": "https://registry.npmjs.org/@cosyte/hl7/-/hl7-0.0.10.tgz",
      "integrity": "sha512-bUVmjMvtqlNw5yv0ozwo+BRQ9Ej141t6wmpzbeN9anrEJhmZCuVJV+OBBznKqdpbDz8vqqvpT5DFEA8+v9F1rA==",
      "license": "MIT",
      "engines": {
        "node": ">=22.0.0"
      }
    },
    "node_modules/@cosyte/synth": {
      "version": "0.0.9",
      "resolved": "https://registry.npmjs.org/@cosyte/synth/-/synth-0.0.9.tgz",
      "integrity": "sha512-/+0qbPvItmFMHynGGrHoHvoH10rlHAUz/5xUXrdnJnh7lLnjVtcxLPgw2+CssWLyp55mPF1yobQoJh+4yB3yRw==",
      "license": "MIT",
      "engines": {
        "node": ">=22.0.0"
      },
      "peerDependencies": {
        "@cosyte/astm": ">=0.0.0",
        "@cosyte/ccda": ">=0.0.0",
        "@cosyte/deid": ">=0.0.0",
        "@cosyte/fhir": ">=0.0.0",
        "@cosyte/hl7": ">=0.0.0",
        "@cosyte/ncpdp": ">=0.0.1",
        "@cosyte/x12": ">=0.0.1"
      },
      "peerDependenciesMeta": {
        "@cosyte/astm": {
          "optional": true
        },
        "@cosyte/ccda": {
          "optional": true
        },
        "@cosyte/deid": {
          "optional": true
        },
        "@cosyte/fhir": {
          "optional": true
        },
        "@cosyte/hl7": {
          "optional": true
        },
        "@cosyte/ncpdp": {
          "optional": true
        },
        "@cosyte/x12": {
          "optional": true
        }
      }
    },
    "node_modules/@cosyte/transform": {
      "version": "0.0.9",
      "resolved": "https://registry.npmjs.org/@cosyte/transform/-/transform-0.0.9.tgz",
      "integrity": "sha512-fznx96nQV1u/aijfodDwjVb3QSsB2Y3MmJ7VyU58dFAxz5G8jVf7ukBzgAsVZYOM00NVDMEwtlOyGeAUQIpcWw==",
      "license": "MIT",
      "engines": {
        "node": ">=22.0.0"
      },
      "peerDependencies": {
        "@cosyte/fhir": ">=0.0.0",
        "@cosyte/hl7": ">=0.0.0"
      }
    }
  }
}
