{
  "name": "cosyte-example-ccda-summary",
  "version": "0.0.0",
  "lockfileVersion": 3,
  "requires": true,
  "packages": {
    "": {
      "name": "cosyte-example-ccda-summary",
      "version": "0.0.0",
      "license": "MIT",
      "dependencies": {
        "@cosyte/ccda": "^0.1.0",
        "@cosyte/synth": "^0.1.0"
      },
      "engines": {
        "node": ">=22"
      }
    },
    "node_modules/@cosyte/ccda": {
      "version": "0.1.0",
      "resolved": "https://registry.npmjs.org/@cosyte/ccda/-/ccda-0.1.0.tgz",
      "integrity": "sha512-aaHWn4xacMbqw+Bm/rkaE+yFZA0NwoIvPy4H1s9xWM9PPW11PmRGM1KrS7n1spwVwp0Qw/r8yYDLKWpb1nmQ3A==",
      "license": "MIT",
      "dependencies": {
        "@xmldom/xmldom": "0.9.10"
      },
      "engines": {
        "node": ">=22.0.0"
      }
    },
    "node_modules/@cosyte/synth": {
      "version": "0.1.0",
      "resolved": "https://registry.npmjs.org/@cosyte/synth/-/synth-0.1.0.tgz",
      "integrity": "sha512-X+0L9E77w+6naEWDNFPBemmLpANyf/S9UxH6kEqTEsva73NQq0llZBrpcF0TPbSk35FjvmutaqUoAOx6mor/Iw==",
      "license": "MIT",
      "engines": {
        "node": ">=22.0.0"
      },
      "peerDependencies": {
        "@cosyte/astm": ">=0.0.0",
        "@cosyte/ccda": ">=0.0.0",
        "@cosyte/deid": ">=0.0.0",
        "@cosyte/fhir": ">=0.0.0",
        "@cosyte/hl7": ">=0.0.0",
        "@cosyte/ncpdp": ">=0.0.1",
        "@cosyte/x12": ">=0.0.1"
      },
      "peerDependenciesMeta": {
        "@cosyte/astm": {
          "optional": true
        },
        "@cosyte/ccda": {
          "optional": true
        },
        "@cosyte/deid": {
          "optional": true
        },
        "@cosyte/fhir": {
          "optional": true
        },
        "@cosyte/hl7": {
          "optional": true
        },
        "@cosyte/ncpdp": {
          "optional": true
        },
        "@cosyte/x12": {
          "optional": true
        }
      }
    },
    "node_modules/@xmldom/xmldom": {
      "version": "0.9.10",
      "resolved": "https://registry.npmjs.org/@xmldom/xmldom/-/xmldom-0.9.10.tgz",
      "integrity": "sha512-A9gOqLdi6cV4ibazAjcQufGj0B1y/vDqYrcuP6d/6x8P27gRS8643Dj9o1dEKtB6O7fwxb2FgBmJS2mX7gpvdw==",
      "deprecated": "this version has critical issues, please update to the latest version",
      "license": "MIT",
      "engines": {
        "node": ">=14.6"
      }
    }
  }
}
