{
  "name": "cosyte-example-astm-lab-results",
  "version": "0.0.0",
  "lockfileVersion": 3,
  "requires": true,
  "packages": {
    "": {
      "name": "cosyte-example-astm-lab-results",
      "version": "0.0.0",
      "license": "MIT",
      "dependencies": {
        "@cosyte/astm": "^0.1.0",
        "@cosyte/synth": "^0.1.0"
      },
      "engines": {
        "node": ">=22"
      }
    },
    "node_modules/@cosyte/astm": {
      "version": "0.1.0",
      "resolved": "https://registry.npmjs.org/@cosyte/astm/-/astm-0.1.0.tgz",
      "integrity": "sha512-BWDknmxNjLKtCwPMpuKr8pVr4pF1V7s9R1xd4SqLmzYbZw2IgCAICT1wBiTrMK2mhUvT6r/v/oC2RIzocDAQ7A==",
      "license": "MIT",
      "engines": {
        "node": ">=22.0.0"
      }
    },
    "node_modules/@cosyte/synth": {
      "version": "0.1.0",
      "resolved": "https://registry.npmjs.org/@cosyte/synth/-/synth-0.1.0.tgz",
      "integrity": "sha512-X+0L9E77w+6naEWDNFPBemmLpANyf/S9UxH6kEqTEsva73NQq0llZBrpcF0TPbSk35FjvmutaqUoAOx6mor/Iw==",
      "license": "MIT",
      "engines": {
        "node": ">=22.0.0"
      },
      "peerDependencies": {
        "@cosyte/astm": ">=0.0.0",
        "@cosyte/ccda": ">=0.0.0",
        "@cosyte/deid": ">=0.0.0",
        "@cosyte/fhir": ">=0.0.0",
        "@cosyte/hl7": ">=0.0.0",
        "@cosyte/ncpdp": ">=0.0.1",
        "@cosyte/x12": ">=0.0.1"
      },
      "peerDependenciesMeta": {
        "@cosyte/astm": {
          "optional": true
        },
        "@cosyte/ccda": {
          "optional": true
        },
        "@cosyte/deid": {
          "optional": true
        },
        "@cosyte/fhir": {
          "optional": true
        },
        "@cosyte/hl7": {
          "optional": true
        },
        "@cosyte/ncpdp": {
          "optional": true
        },
        "@cosyte/x12": {
          "optional": true
        }
      }
    }
  }
}
