{
  "name": "cosyte-example-astm-lab-results",
  "version": "0.0.0",
  "lockfileVersion": 3,
  "requires": true,
  "packages": {
    "": {
      "name": "cosyte-example-astm-lab-results",
      "version": "0.0.0",
      "license": "MIT",
      "dependencies": {
        "@cosyte/astm": "^0.0.22",
        "@cosyte/synth": "^0.0.9"
      },
      "engines": {
        "node": ">=22"
      }
    },
    "node_modules/@cosyte/astm": {
      "version": "0.0.22",
      "resolved": "https://registry.npmjs.org/@cosyte/astm/-/astm-0.0.22.tgz",
      "integrity": "sha512-DITDqxRI2cufW8NMlpa9pN+YR8IVYTsmUNsg5/J9BacSuFZ65TFKAdcJS99cMT/3JHwqPZCeJiDndASDBGq9hg==",
      "license": "MIT",
      "engines": {
        "node": ">=22.0.0"
      }
    },
    "node_modules/@cosyte/synth": {
      "version": "0.0.9",
      "resolved": "https://registry.npmjs.org/@cosyte/synth/-/synth-0.0.9.tgz",
      "integrity": "sha512-/+0qbPvItmFMHynGGrHoHvoH10rlHAUz/5xUXrdnJnh7lLnjVtcxLPgw2+CssWLyp55mPF1yobQoJh+4yB3yRw==",
      "license": "MIT",
      "engines": {
        "node": ">=22.0.0"
      },
      "peerDependencies": {
        "@cosyte/astm": ">=0.0.0",
        "@cosyte/ccda": ">=0.0.0",
        "@cosyte/deid": ">=0.0.0",
        "@cosyte/fhir": ">=0.0.0",
        "@cosyte/hl7": ">=0.0.0",
        "@cosyte/ncpdp": ">=0.0.1",
        "@cosyte/x12": ">=0.0.1"
      },
      "peerDependenciesMeta": {
        "@cosyte/astm": {
          "optional": true
        },
        "@cosyte/ccda": {
          "optional": true
        },
        "@cosyte/deid": {
          "optional": true
        },
        "@cosyte/fhir": {
          "optional": true
        },
        "@cosyte/hl7": {
          "optional": true
        },
        "@cosyte/ncpdp": {
          "optional": true
        },
        "@cosyte/x12": {
          "optional": true
        }
      }
    }
  }
}
